
Microsoft Visual Studio Solution File, Format Version 12.00
# Visual Studio Version 17
VisualStudioVersion = 17.11.35327.3
MinimumVisualStudioVersion = 10.0.40219.1
Project("{FAE04EC0-301F-11D3-BF4B-00C04F79EFBC}") = "AlparRP", "AlparRP.csproj", "{CD5C132D-4C46-4715-B198-FF2D6877066E}"
EndProject
Global
	GlobalSection(SolutionConfigurationPlatforms) = preSolution
		Debug|Any CPU = Debug|Any CPU
		Release|Any CPU = Release|Any CPU
	EndGlobalSection
	GlobalSection(ProjectConfigurationPlatforms) = postSolution
		{CD5C132D-4C46-4715-B198-FF2D6877066E}.Debug|Any CPU.ActiveCfg = Debug|Any CPU
		{CD5C132D-4C46-4715-B198-FF2D6877066E}.Debug|Any CPU.Build.0 = Debug|Any CPU
		{CD5C132D-4C46-4715-B198-FF2D6877066E}.Release|Any CPU.ActiveCfg = Debug|Any CPU
		{CD5C132D-4C46-4715-B198-FF2D6877066E}.Release|Any CPU.Build.0 = Debug|Any CPU
	EndGlobalSection
	GlobalSection(SolutionProperties) = preSolution
		HideSolutionNode = FALSE
	EndGlobalSection
	GlobalSection(ExtensibilityGlobals) = postSolution
		SolutionGuid = {2D63BC5E-71DD-410B-9FC8-A381D1EAF8EE}
	EndGlobalSection
EndGlobal
